{
  "name": "@techgreedy/generate-ipld-car",
  "version": "4.0.0",
  "lockfileVersion": 3,
  "requires": true,
  "packages": {
    "": {
      "name": "@techgreedy/generate-ipld-car",
      "version": "4.0.0",
      "hasInstallScript": true,
      "license": "(Apache-2.0 AND MIT)",
      "devDependencies": {
        "@gzuidhof/go-npm": "^0.1.13"
      }
    },
    "node_modules/@gzuidhof/go-npm": {
      "version": "0.1.13",
      "resolved": "https://registry.npmjs.org/@gzuidhof/go-npm/-/go-npm-0.1.13.tgz",
      "integrity": "sha512-45nOc+/Elll2f1xrFQU7rrpcpl1AIPgi3x04sGizbUUdtyreM8v2QFcpr5gACfYxt9P9wXPShIMXjve1C406Rg==",
      "dev": true,
      "bin": {
        "go-npm": "bin/index.js"
      }
    }
  }
}
